# THIS IS AN AUTOGENERATED FILE. DO NOT EDIT THIS FILE DIRECTLY.
# yarn lockfile v1


jquery@^3.2.1:
  version "3.2.1"
  resolved "https://registry.yarnpkg.com/jquery/-/jquery-3.2.1.tgz#5c4d9de652af6cd0a770154a631bba12b015c787"

"sketch.js@https://github.com/zionsg/sketch.js#package-json":
  version "0.1.0"
  resolved "https://github.com/zionsg/sketch.js#6637e3bba6e4492051eac2b73674cc75c5cb189d"
  dependencies:
    jquery "^3.2.1"
